<Solution>
  <Folder Name="/Logic11x/">
    <Project Path="Logic11x/Generator/Generator.csproj" />
  </Folder>
  <Folder Name="/Logic12x/" />
  <Folder Name="/Solution Items/">
    <File Path=".editorconfig" />
    <File Path=".gitignore" />
    <File Path="LICENSE" />
    <File Path="README.md" />
    <File Path="renovate.json" />
  </Folder>
</Solution>
